
Microsoft Visual Studio Solution File, Format Version 12.00
# Visual Studio Version 17
VisualStudioVersion = 17.1.32421.90
MinimumVisualStudioVersion = 10.0.40219.1
Project("{FAE04EC0-301F-11D3-BF4B-00C04F79EFBC}") = "GenesisModTemplate", "GenesisModTemplate\GenesisModTemplate.csproj", "{E16F8D70-0C17-431A-8822-063F14CDDD40}"
EndProject
Project("{2150E333-8FDC-42A3-9474-1A3956D46DE8}") = "BuildDeps", "BuildDeps", "{68555FC4-621B-4ABA-96F7-B3E0B05331A0}"
	ProjectSection(SolutionItems) = preProject
		BuildDeps\0Harmony.dll = BuildDeps\0Harmony.dll
		BuildDeps\Assembly-CSharp.dll = BuildDeps\Assembly-CSharp.dll
		BuildDeps\UnityEngine.CoreModule.dll = BuildDeps\UnityEngine.CoreModule.dll
		BuildDeps\UnityEngine.UI.dll = BuildDeps\UnityEngine.UI.dll
		BuildDeps\ZGenesis.dll = BuildDeps\ZGenesis.dll
	EndProjectSection
EndProject
Project("{2150E333-8FDC-42A3-9474-1A3956D46DE8}") = "Solution Items", "Solution Items", "{DDF65685-928A-4DC2-B413-F3E71EA1F463}"
	ProjectSection(SolutionItems) = preProject
		.gitattributes = .gitattributes
		.gitignore = .gitignore
		LICENSE = LICENSE
		README.md = README.md
	EndProjectSection
EndProject
Global
	GlobalSection(SolutionConfigurationPlatforms) = preSolution
		Debug|Any CPU = Debug|Any CPU
		Release|Any CPU = Release|Any CPU
	EndGlobalSection
	GlobalSection(ProjectConfigurationPlatforms) = postSolution
		{E16F8D70-0C17-431A-8822-063F14CDDD40}.Debug|Any CPU.ActiveCfg = Debug|Any CPU
		{E16F8D70-0C17-431A-8822-063F14CDDD40}.Debug|Any CPU.Build.0 = Debug|Any CPU
		{E16F8D70-0C17-431A-8822-063F14CDDD40}.Release|Any CPU.ActiveCfg = Release|Any CPU
		{E16F8D70-0C17-431A-8822-063F14CDDD40}.Release|Any CPU.Build.0 = Release|Any CPU
	EndGlobalSection
	GlobalSection(SolutionProperties) = preSolution
		HideSolutionNode = FALSE
	EndGlobalSection
	GlobalSection(ExtensibilityGlobals) = postSolution
		SolutionGuid = {0A23A25E-D02E-48A3-80B4-F6FECEB41023}
	EndGlobalSection
EndGlobal
